
Microsoft Visual Studio Solution File, Format Version 12.00
# Visual Studio Version 17
VisualStudioVersion = 17.4.33122.133
MinimumVisualStudioVersion = 10.0.40219.1
Project("{9A19103F-16F7-4668-BE54-9A1E7A4F7556}") = "StringHomework", "Strings\StringHomework.csproj", "{CA2D9B5C-CFCD-4C6B-ABCE-587BD512538C}"
EndProject
Project("{9A19103F-16F7-4668-BE54-9A1E7A4F7556}") = "StringHomeworkTest", "StringsTest\StringHomeworkTest.csproj", "{32413042-6F00-4897-8D92-251DEC109D10}"
EndProject
Global
	GlobalSection(SolutionConfigurationPlatforms) = preSolution
		Debug|Any CPU = Debug|Any CPU
		Release|Any CPU = Release|Any CPU
	EndGlobalSection
	GlobalSection(ProjectConfigurationPlatforms) = postSolution
		{CA2D9B5C-CFCD-4C6B-ABCE-587BD512538C}.Debug|Any CPU.ActiveCfg = Debug|Any CPU
		{CA2D9B5C-CFCD-4C6B-ABCE-587BD512538C}.Debug|Any CPU.Build.0 = Debug|Any CPU
		{CA2D9B5C-CFCD-4C6B-ABCE-587BD512538C}.Release|Any CPU.ActiveCfg = Release|Any CPU
		{CA2D9B5C-CFCD-4C6B-ABCE-587BD512538C}.Release|Any CPU.Build.0 = Release|Any CPU
		{32413042-6F00-4897-8D92-251DEC109D10}.Debug|Any CPU.ActiveCfg = Debug|Any CPU
		{32413042-6F00-4897-8D92-251DEC109D10}.Debug|Any CPU.Build.0 = Debug|Any CPU
		{32413042-6F00-4897-8D92-251DEC109D10}.Release|Any CPU.ActiveCfg = Release|Any CPU
		{32413042-6F00-4897-8D92-251DEC109D10}.Release|Any CPU.Build.0 = Release|Any CPU
	EndGlobalSection
	GlobalSection(SolutionProperties) = preSolution
		HideSolutionNode = FALSE
	EndGlobalSection
	GlobalSection(ExtensibilityGlobals) = postSolution
		SolutionGuid = {58903ED4-7170-4659-B0C8-0170996F6976}
	EndGlobalSection
EndGlobal
